
Microsoft Visual Studio Solution File, Format Version 12.00
# Visual Studio 14
VisualStudioVersion = 14.0.25420.1
MinimumVisualStudioVersion = 10.0.40219.1
Project("{FAE04EC0-301F-11D3-BF4B-00C04F79EFBC}") = "Personel Giriş Çıkış", "Personel Giriş Çıkış\Personel Giriş Çıkış.csproj", "{B23C4CBA-F3F0-4CA1-86E3-5CC0441371B4}"
EndProject
Global
	GlobalSection(SolutionConfigurationPlatforms) = preSolution
		Debug|Any CPU = Debug|Any CPU
		Release|Any CPU = Release|Any CPU
	EndGlobalSection
	GlobalSection(ProjectConfigurationPlatforms) = postSolution
		{B23C4CBA-F3F0-4CA1-86E3-5CC0441371B4}.Debug|Any CPU.ActiveCfg = Debug|Any CPU
		{B23C4CBA-F3F0-4CA1-86E3-5CC0441371B4}.Debug|Any CPU.Build.0 = Debug|Any CPU
		{B23C4CBA-F3F0-4CA1-86E3-5CC0441371B4}.Release|Any CPU.ActiveCfg = Release|Any CPU
		{B23C4CBA-F3F0-4CA1-86E3-5CC0441371B4}.Release|Any CPU.Build.0 = Release|Any CPU
	EndGlobalSection
	GlobalSection(SolutionProperties) = preSolution
		HideSolutionNode = FALSE
	EndGlobalSection
	GlobalSection(ExtensibilityGlobals) = postSolution
		SolutionGuid = {8FA6EDCF-25EC-4F9F-B640-18A7F1F54A21}
	EndGlobalSection
EndGlobal
